{
  "name": "image-forge",
  "version": "0.0.1",
  "lockfileVersion": 1,
  "requires": true,
  "dependencies": {
    "@angular/cdk": {
      "version": "9.2.4",
      "resolved": "https://registry.npmjs.org/@angular/cdk/-/cdk-9.2.4.tgz",
      "integrity": "sha512-iw2+qHMXHYVC6K/fttHeNHIieSKiTEodVutZoOEcBu9rmRTGbLB26V/CRsfIRmA1RBk+uFYWc6UQZnMC3RdnJQ==",
      "requires": {
        "parse5": "^5.0.0"
      }
    },
    "@ngrx/store": {
      "version": "9.2.0",
      "resolved": "https://registry.npmjs.org/@ngrx/store/-/store-9.2.0.tgz",
      "integrity": "sha512-V8AI3mxbMztVpbZpALkLZYlGkofKcu9GaOCY5e+sZ1VcJ90oxhFjBpnmd6MuVdmhep1XAHALb1B8ZbBFn+xsgQ=="
    },
    "ionicons": {
      "version": "5.0.1",
      "resolved": "https://registry.npmjs.org/ionicons/-/ionicons-5.0.1.tgz",
      "integrity": "sha512-P9GHr7pgCJcG211W0wute49NZ9AvJZvFJf4OwYybakjX6j7tu0q5t5HNWn9bcb9YjI7SxBblJg8iqQ1Yb59DXw=="
    },
    "parse5": {
      "version": "5.1.1",
      "resolved": "https://registry.npmjs.org/parse5/-/parse5-5.1.1.tgz",
      "integrity": "sha512-ugq4DFI0Ptb+WWjAdOK16+u/nHfiIrcE+sh8kZMaM0WllQKLI9rOUq6c2b7cwPkXdzfQESqvoqK6ug7U/Yyzug==",
      "optional": true
    }
  }
}
